{
  "name": "mdk-wrk-sv2-proxy",
  "version": "1.0.0",
  "lockfileVersion": 3,
  "requires": true,
  "packages": {
    "": {
      "name": "mdk-wrk-sv2-proxy",
      "version": "1.0.0",
      "dependencies": {
        "@tetherto/mdk-backend-core": "file:../../mdk/backend/core"
      }
    },
    "../../mdk/backend/core": {
      "name": "@tetherto/mdk-backend-core",
      "version": "0.8.0",
      "license": "Apache-2.0",
      "devDependencies": {
        "standard": "17.1.0"
      },
      "engines": {
        "node": ">=24"
      }
    },
    "node_modules/@tetherto/mdk-backend-core": {
      "resolved": "../../mdk/backend/core",
      "link": true
    }
  }
}
